
Microsoft Visual Studio Solution File, Format Version 12.00
# Visual Studio 2010
Project("{FAE04EC0-301F-11D3-BF4B-00C04F79EFBC}") = "Main", "Main\Main.csproj", "{C2314DAB-54FF-43C0-9044-0E47CEA4B5D0}"
EndProject
Project("{FAE04EC0-301F-11D3-BF4B-00C04F79EFBC}") = "Localization", "Localization\Localization.csproj", "{2E6D8BB6-8C67-4AF1-9BFB-C80E9B938D53}"
EndProject
Project("{FAE04EC0-301F-11D3-BF4B-00C04F79EFBC}") = "Infrastructure", "Infrastructure\Infrastructure.csproj", "{BFF75452-4312-431C-9214-75C77DB22B96}"
EndProject
Project("{FAE04EC0-301F-11D3-BF4B-00C04F79EFBC}") = "Core", "Core\Core.csproj", "{2258B0D8-20BE-486C-AB9B-62BAA8FC6450}"
EndProject
Project("{FAE04EC0-301F-11D3-BF4B-00C04F79EFBC}") = "Domain", "Domain\Domain.csproj", "{29F22D75-6BBF-4867-874F-0F5046E3011C}"
EndProject
Project("{FAE04EC0-301F-11D3-BF4B-00C04F79EFBC}") = "Services", "Services\Services.csproj", "{C5265057-F042-46A3-A243-8DCCB820196E}"
EndProject
Project("{FAE04EC0-301F-11D3-BF4B-00C04F79EFBC}") = "MvcControls", "MvcControls\MvcControls.csproj", "{8162755F-7516-4A43-A5C8-13544F87B75F}"
EndProject
Global
	GlobalSection(SolutionConfigurationPlatforms) = preSolution
		Debug|Any CPU = Debug|Any CPU
		Release|Any CPU = Release|Any CPU
	EndGlobalSection
	GlobalSection(ProjectConfigurationPlatforms) = postSolution
		{C2314DAB-54FF-43C0-9044-0E47CEA4B5D0}.Debug|Any CPU.ActiveCfg = Debug|Any CPU
		{C2314DAB-54FF-43C0-9044-0E47CEA4B5D0}.Debug|Any CPU.Build.0 = Debug|Any CPU
		{C2314DAB-54FF-43C0-9044-0E47CEA4B5D0}.Release|Any CPU.ActiveCfg = Release|Any CPU
		{C2314DAB-54FF-43C0-9044-0E47CEA4B5D0}.Release|Any CPU.Build.0 = Release|Any CPU
		{2E6D8BB6-8C67-4AF1-9BFB-C80E9B938D53}.Debug|Any CPU.ActiveCfg = Debug|Any CPU
		{2E6D8BB6-8C67-4AF1-9BFB-C80E9B938D53}.Debug|Any CPU.Build.0 = Debug|Any CPU
		{2E6D8BB6-8C67-4AF1-9BFB-C80E9B938D53}.Release|Any CPU.ActiveCfg = Release|Any CPU
		{2E6D8BB6-8C67-4AF1-9BFB-C80E9B938D53}.Release|Any CPU.Build.0 = Release|Any CPU
		{BFF75452-4312-431C-9214-75C77DB22B96}.Debug|Any CPU.ActiveCfg = Debug|Any CPU
		{BFF75452-4312-431C-9214-75C77DB22B96}.Debug|Any CPU.Build.0 = Debug|Any CPU
		{BFF75452-4312-431C-9214-75C77DB22B96}.Release|Any CPU.ActiveCfg = Release|Any CPU
		{BFF75452-4312-431C-9214-75C77DB22B96}.Release|Any CPU.Build.0 = Release|Any CPU
		{2258B0D8-20BE-486C-AB9B-62BAA8FC6450}.Debug|Any CPU.ActiveCfg = Debug|Any CPU
		{2258B0D8-20BE-486C-AB9B-62BAA8FC6450}.Debug|Any CPU.Build.0 = Debug|Any CPU
		{2258B0D8-20BE-486C-AB9B-62BAA8FC6450}.Release|Any CPU.ActiveCfg = Release|Any CPU
		{2258B0D8-20BE-486C-AB9B-62BAA8FC6450}.Release|Any CPU.Build.0 = Release|Any CPU
		{29F22D75-6BBF-4867-874F-0F5046E3011C}.Debug|Any CPU.ActiveCfg = Debug|Any CPU
		{29F22D75-6BBF-4867-874F-0F5046E3011C}.Debug|Any CPU.Build.0 = Debug|Any CPU
		{29F22D75-6BBF-4867-874F-0F5046E3011C}.Release|Any CPU.ActiveCfg = Release|Any CPU
		{29F22D75-6BBF-4867-874F-0F5046E3011C}.Release|Any CPU.Build.0 = Release|Any CPU
		{C5265057-F042-46A3-A243-8DCCB820196E}.Debug|Any CPU.ActiveCfg = Debug|Any CPU
		{C5265057-F042-46A3-A243-8DCCB820196E}.Debug|Any CPU.Build.0 = Debug|Any CPU
		{C5265057-F042-46A3-A243-8DCCB820196E}.Release|Any CPU.ActiveCfg = Release|Any CPU
		{C5265057-F042-46A3-A243-8DCCB820196E}.Release|Any CPU.Build.0 = Release|Any CPU
		{8162755F-7516-4A43-A5C8-13544F87B75F}.Debug|Any CPU.ActiveCfg = Debug|Any CPU
		{8162755F-7516-4A43-A5C8-13544F87B75F}.Debug|Any CPU.Build.0 = Debug|Any CPU
		{8162755F-7516-4A43-A5C8-13544F87B75F}.Release|Any CPU.ActiveCfg = Release|Any CPU
		{8162755F-7516-4A43-A5C8-13544F87B75F}.Release|Any CPU.Build.0 = Release|Any CPU
	EndGlobalSection
	GlobalSection(SolutionProperties) = preSolution
		HideSolutionNode = FALSE
	EndGlobalSection
EndGlobal
