
Microsoft Visual Studio Solution File, Format Version 12.00
# Visual Studio 2012
Project("{FAE04EC0-301F-11D3-BF4B-00C04F79EFBC}") = "Main", "Main\Main.csproj", "{C2314DAB-54FF-43C0-9044-0E47CEA4B5D0}"
EndProject
Project("{FAE04EC0-301F-11D3-BF4B-00C04F79EFBC}") = "Core", "Core\Core.csproj", "{A6C4A59C-8BF6-4D78-81D6-D022221AF8A7}"
EndProject
Global
	GlobalSection(SolutionConfigurationPlatforms) = preSolution
		Debug|Any CPU = Debug|Any CPU
		Release|Any CPU = Release|Any CPU
	EndGlobalSection
	GlobalSection(ProjectConfigurationPlatforms) = postSolution
		{C2314DAB-54FF-43C0-9044-0E47CEA4B5D0}.Debug|Any CPU.ActiveCfg = Debug|Any CPU
		{C2314DAB-54FF-43C0-9044-0E47CEA4B5D0}.Debug|Any CPU.Build.0 = Debug|Any CPU
		{C2314DAB-54FF-43C0-9044-0E47CEA4B5D0}.Release|Any CPU.ActiveCfg = Release|Any CPU
		{C2314DAB-54FF-43C0-9044-0E47CEA4B5D0}.Release|Any CPU.Build.0 = Release|Any CPU
		{A6C4A59C-8BF6-4D78-81D6-D022221AF8A7}.Debug|Any CPU.ActiveCfg = Debug|Any CPU
		{A6C4A59C-8BF6-4D78-81D6-D022221AF8A7}.Debug|Any CPU.Build.0 = Debug|Any CPU
		{A6C4A59C-8BF6-4D78-81D6-D022221AF8A7}.Release|Any CPU.ActiveCfg = Release|Any CPU
		{A6C4A59C-8BF6-4D78-81D6-D022221AF8A7}.Release|Any CPU.Build.0 = Release|Any CPU
	EndGlobalSection
	GlobalSection(SolutionProperties) = preSolution
		HideSolutionNode = FALSE
	EndGlobalSection
EndGlobal
